# This file is automatically @generated by Cargo.
# It is not intended for manual editing.
version = 4

[[package]]
name = "aho-corasick"
version = "1.1.4"
source = "registry+https://github.com/rust-lang/crates.io-index"
checksum = "ddd31a130427c27518df266943a5308ed92d4b226cc639f5a8f1002816174301"
dependencies = [
 "memchr",
]

[[package]]
name = "atomic-polyfill"
version = "1.0.3"
source = "registry+https://github.com/rust-lang/crates.io-index"
checksum = "8cf2bce30dfe09ef0bfaef228b9d414faaf7e563035494d7fe092dba54b300f4"
dependencies = [
 "critical-section",
]

[[package]]
name = "autocfg"
version = "1.5.0"
source = "registry+https://github.com/rust-lang/crates.io-index"
checksum = "c08606f8c3cbf4ce6ec8e28fb0014a2c086708fe954eaa885384a6165172e7e8"

[[package]]
name = "bare-metal"
version = "1.0.0"
source = "registry+https://github.com/rust-lang/crates.io-index"
checksum = "f8fe8f5a8a398345e52358e18ff07cc17a568fbca5c6f73873d3a62056309603"

[[package]]
name = "bindgen"
version = "0.72.1"
source = "registry+https://github.com/rust-lang/crates.io-index"
checksum = "993776b509cfb49c750f11b8f07a46fa23e0a1386ffc01fb1e7d343efc387895"
dependencies = [
 "bitflags",
 "cexpr",
 "clang-sys",
 "itertools",
 "log",
 "prettyplease",
 "proc-macro2",
 "quote",
 "regex",
 "rustc-hash",
 "shlex",
 "syn 2.0.117",
]

[[package]]
name = "bitflags"
version = "2.11.1"
source = "registry+https://github.com/rust-lang/crates.io-index"
checksum = "c4512299f36f043ab09a583e57bceb5a5aab7a73db1805848e8fef3c9e8c78b3"

[[package]]
name = "block-buffer"
version = "0.10.4"
source = "registry+https://github.com/rust-lang/crates.io-index"
checksum = "3078c7629b62d3f0439517fa394996acacc5cbc91c5a20d8c658e77abd503a71"
dependencies = [
 "generic-array",
]

[[package]]
name = "byteorder"
version = "1.5.0"
source = "registry+https://github.com/rust-lang/crates.io-index"
checksum = "1fd0f2584146f6f2ef48085050886acf353beff7305ebd1ae69500e27c67f64b"

[[package]]
name = "c2rust-asm-casts"
version = "0.2.0"
source = "registry+https://github.com/rust-lang/crates.io-index"
checksum = "99883a495b2e1ea1c26a2b5fd08ff58490d127b638582cc4a0f7e336ccbea178"

[[package]]
name = "c2rust-bitfields"
version = "0.3.0"
source = "registry+https://github.com/rust-lang/crates.io-index"
checksum = "eb34f0c0ace43530b2df7f18bc69ee0c4082158aa451ece29602f8c841e73764"
dependencies = [
 "c2rust-bitfields-derive",
]

[[package]]
name = "c2rust-bitfields-derive"
version = "0.2.1"
source = "registry+https://github.com/rust-lang/crates.io-index"
checksum = "3dd1601a7b828ab874d890e5a895563ca8ad485bdd3d2a359f148c8b72537241"
dependencies = [
 "proc-macro2",
 "quote",
 "syn 1.0.109",
]

[[package]]
name = "cboritem"
version = "0.1.3"
source = "registry+https://github.com/rust-lang/crates.io-index"
checksum = "6e3c9350d61c6316b5272d458c213ce8377b79bb202f2eb1a924db1985b53fa0"
dependencies = [
 "document-features",
]

[[package]]
name = "cexpr"
version = "0.6.0"
source = "registry+https://github.com/rust-lang/crates.io-index"
checksum = "6fac387a98bb7c37292057cffc56d62ecb629900026402633ae9160df93a8766"
dependencies = [
 "nom",
]

[[package]]
name = "cfg-if"
version = "1.0.4"
source = "registry+https://github.com/rust-lang/crates.io-index"
checksum = "9330f8b2ff13f34540b44e946ef35111825727b38d33286ef986142615121801"

[[package]]
name = "ciborium-io"
version = "0.2.2"
source = "registry+https://github.com/rust-lang/crates.io-index"
checksum = "05afea1e0a06c9be33d539b876f1ce3692f4afea2cb41f740e7743225ed1c757"

[[package]]
name = "clang-sys"
version = "1.8.1"
source = "registry+https://github.com/rust-lang/crates.io-index"
checksum = "0b023947811758c97c59bf9d1c188fd619ad4718dcaa767947df1cadb14f39f4"
dependencies = [
 "glob",
 "libc",
 "libloading",
]

[[package]]
name = "coap-handler"
version = "0.2.1"
source = "registry+https://github.com/rust-lang/crates.io-index"
checksum = "503c04616163d1b4912e3e780d60d1defbe483e62e953dd9ebe74a3644ab4b96"
dependencies = [
 "coap-message",
 "coap-numbers",
]

[[package]]
name = "coap-handler-implementations"
version = "0.5.4"
source = "registry+https://github.com/rust-lang/crates.io-index"
checksum = "53e0f008d2fa87c1e20bb686e7d09c7567851dcfef0d323e94e92c685132f781"
dependencies = [
 "ciborium-io",
 "coap-handler",
 "coap-message",
 "coap-message-utils",
 "coap-numbers",
 "crc",
 "document-features",
 "embedded-io 0.4.0",
 "minicbor 0.19.1",
 "minicbor 0.24.4",
 "minicbor 0.26.5",
 "minicbor 1.1.0",
 "serde",
 "serde_cbor",
 "windowed-infinity 0.1.9",
]

[[package]]
name = "coap-handler-implementations"
version = "0.6.2"
source = "registry+https://github.com/rust-lang/crates.io-index"
checksum = "be376890958ba8ccf700300361ee426bc1a1539714690e4ab5128c50400d578c"
dependencies = [
 "coap-handler",
 "coap-message",
 "coap-message-utils",
 "coap-numbers",
 "crc",
 "document-features",
 "embedded-io 0.7.1",
 "embedded-io-adapters",
 "extra-embedded-io-adapters",
 "minicbor 2.2.1",
 "minicbor-adapters",
 "tee-embedded-io",
 "windowed-infinity 0.2.0",
]

[[package]]
name = "coap-message"
version = "0.3.6"
source = "registry+https://github.com/rust-lang/crates.io-index"
checksum = "185d26bfc9862ae17a065d361725e2301072125cb7200836d4b795285fded1f7"
dependencies = [
 "num-traits",
]

[[package]]
name = "coap-message-demos"
version = "0.5.0"
source = "git+https://gitlab.com/chrysn/coap-message-demos/#95622a5c6fcf7a1fd6a1b0ebba57eb1e18929c47"
dependencies = [
 "coap-handler",
 "coap-handler-implementations 0.6.2",
 "coap-message",
 "coap-message-utils",
 "coap-numbers",
 "coap-request",
 "heapless 0.9.2",
 "minicbor 2.2.1",
 "minicbor-adapters",
]

[[package]]
name = "coap-message-utils"
version = "0.3.9"
source = "registry+https://github.com/rust-lang/crates.io-index"
checksum = "6e6b17f1db1e77a315a5c15d420f667e178f45ba17d2f4465c269343a71e58b7"
dependencies = [
 "coap-message",
 "coap-numbers",
 "document-features",
 "minicbor 2.2.1",
]

[[package]]
name = "coap-numbers"
version = "0.2.9"
source = "registry+https://github.com/rust-lang/crates.io-index"
checksum = "f84b6d4175638be4f037388dc1fae0d03862ba666a6942fa057b6031d3abb5a0"

[[package]]
name = "coap-request"
version = "0.2.0-alpha.2"
source = "registry+https://github.com/rust-lang/crates.io-index"
checksum = "58d76d947d49b867e8f0268cbd690156fe506335247b538284551fe404d2d16c"
dependencies = [
 "coap-message",
]

[[package]]
name = "crc"
version = "3.4.0"
source = "registry+https://github.com/rust-lang/crates.io-index"
checksum = "5eb8a2a1cd12ab0d987a5d5e825195d372001a4094a0376319d5a0ad71c1ba0d"
dependencies = [
 "crc-catalog",
]

[[package]]
name = "crc-catalog"
version = "2.5.0"
source = "registry+https://github.com/rust-lang/crates.io-index"
checksum = "217698eaf96b4a3f0bc4f3662aaa55bdf913cd54d7204591faa790070c6d0853"

[[package]]
name = "critical-section"
version = "1.2.0"
source = "registry+https://github.com/rust-lang/crates.io-index"
checksum = "790eea4361631c5e7d22598ecd5723ff611904e3344ce8720784c93e3d83d40b"

[[package]]
name = "crypto-common"
version = "0.1.7"
source = "registry+https://github.com/rust-lang/crates.io-index"
checksum = "78c8292055d1c1df0cce5d180393dc8cce0abec0a7102adb6c7b1eef6016d60a"
dependencies = [
 "generic-array",
 "typenum",
]

[[package]]
name = "cstr"
version = "0.2.12"
source = "registry+https://github.com/rust-lang/crates.io-index"
checksum = "68523903c8ae5aacfa32a0d9ae60cadeb764e1da14ee0d26b1f3089f13a54636"
dependencies = [
 "proc-macro2",
 "quote",
]

[[package]]
name = "cty"
version = "0.2.2"
source = "registry+https://github.com/rust-lang/crates.io-index"
checksum = "b365fabc795046672053e29c954733ec3b05e4be654ab130fe8f1f94d7051f35"

[[package]]
name = "digest"
version = "0.10.7"
source = "registry+https://github.com/rust-lang/crates.io-index"
checksum = "9ed9a281f7bc9b7576e61468ba615a66a5c8cfdff42420a70aa82701a3b1e292"
dependencies = [
 "block-buffer",
 "crypto-common",
]

[[package]]
name = "document-features"
version = "0.2.12"
source = "registry+https://github.com/rust-lang/crates.io-index"
checksum = "d4b8a88685455ed29a21542a33abd9cb6510b6b129abadabdcef0f4c55bc8f61"
dependencies = [
 "litrs",
]

[[package]]
name = "either"
version = "1.15.0"
source = "registry+https://github.com/rust-lang/crates.io-index"
checksum = "48c757948c5ede0e46177b7add2e67155f70e33c07fea8284df6576da70b3719"

[[package]]
name = "embedded-graphics"
version = "0.6.2"
source = "registry+https://github.com/rust-lang/crates.io-index"
checksum = "40a69991ceb896bd4810a0cf2bcc46fc94b7860573c71f965d8e5b3d66942fed"
dependencies = [
 "byteorder",
]

[[package]]
name = "embedded-hal"
version = "0.2.7"
source = "registry+https://github.com/rust-lang/crates.io-index"
checksum = "35949884794ad573cf46071e41c9b60efb0cb311e3ca01f7af807af1debc66ff"
dependencies = [
 "nb 0.1.3",
 "void",
]

[[package]]
name = "embedded-hal"
version = "1.0.0"
source = "registry+https://github.com/rust-lang/crates.io-index"
checksum = "361a90feb7004eca4019fb28352a9465666b24f840f5c3cddf0ff13920590b89"

[[package]]
name = "embedded-hal-async"
version = "1.0.0"
source = "registry+https://github.com/rust-lang/crates.io-index"
checksum = "0c4c685bbef7fe13c3c6dd4da26841ed3980ef33e841cddfa15ce8a8fb3f1884"
dependencies = [
 "embedded-hal 1.0.0",
]

[[package]]
name = "embedded-io"
version = "0.4.0"
source = "registry+https://github.com/rust-lang/crates.io-index"
checksum = "ef1a6892d9eef45c8fa6b9e0086428a2cca8491aca8f787c534a3d6d0bcb3ced"

[[package]]
name = "embedded-io"
version = "0.7.1"
source = "registry+https://github.com/rust-lang/crates.io-index"
checksum = "9eb1aa714776b75c7e67e1da744b81a129b3ff919c8712b5e1b32252c1f07cc7"

[[package]]
name = "embedded-io-adapters"
version = "0.7.0"
source = "registry+https://github.com/rust-lang/crates.io-index"
checksum = "c900a1c087f1f7d17cdc84a1290df91521cd90933efa76d68e568385d889f2f4"
dependencies = [
 "embedded-io 0.7.1",
]

[[package]]
name = "embedded-nal"
version = "0.6.0"
source = "registry+https://github.com/rust-lang/crates.io-index"
checksum = "db9efecb57ab54fa918730f2874d7d37647169c50fa1357fecb81abee840b113"
dependencies = [
 "heapless 0.7.17",
 "nb 1.1.0",
 "no-std-net",
]

[[package]]
name = "embedded-nal-tcpextensions"
version = "0.1.3"
source = "registry+https://github.com/rust-lang/crates.io-index"
checksum = "f6fdfe6382d7f075c1b47d560cc44e4c0ece36fe560ff5eb5e4fe618b6093632"
dependencies = [
 "embedded-nal",
 "heapless 0.7.17",
]

[[package]]
name = "extra-embedded-io-adapters"
version = "0.1.0"
source = "registry+https://github.com/rust-lang/crates.io-index"
checksum = "41b7942b8008547a00ed47550218a6d56314c9984b8ab969db62ecb87fbc13ff"
dependencies = [
 "crc",
 "digest",
 "embedded-io 0.7.1",
]

[[package]]
name = "generic-array"
version = "0.14.7"
source = "registry+https://github.com/rust-lang/crates.io-index"
checksum = "85649ca51fd72272d7821adaf274ad91c288277713d9c18820d8499a7ff69e9a"
dependencies = [
 "typenum",
 "version_check",
]

[[package]]
name = "glob"
version = "0.3.3"
source = "registry+https://github.com/rust-lang/crates.io-index"
checksum = "0cc23270f6e1808e30a928bdc84dea0b9b4136a8bc82338574f23baf47bbd280"

[[package]]
name = "half"
version = "1.8.3"
source = "registry+https://github.com/rust-lang/crates.io-index"
checksum = "1b43ede17f21864e81be2fa654110bf1e793774238d86ef8555c37e6519c0403"

[[package]]
name = "hash32"
version = "0.2.1"
source = "registry+https://github.com/rust-lang/crates.io-index"
checksum = "b0c35f58762feb77d74ebe43bdbc3210f09be9fe6742234d573bacc26ed92b67"
dependencies = [
 "byteorder",
]

[[package]]
name = "hash32"
version = "0.3.1"
source = "registry+https://github.com/rust-lang/crates.io-index"
checksum = "47d60b12902ba28e2730cd37e95b8c9223af2808df9e902d4df49588d1470606"
dependencies = [
 "byteorder",
]

[[package]]
name = "heapless"
version = "0.7.17"
source = "registry+https://github.com/rust-lang/crates.io-index"
checksum = "cdc6457c0eb62c71aac4bc17216026d8410337c4126773b9c5daba343f17964f"
dependencies = [
 "atomic-polyfill",
 "hash32 0.2.1",
 "rustc_version",
 "spin",
 "stable_deref_trait",
]

[[package]]
name = "heapless"
version = "0.8.0"
source = "registry+https://github.com/rust-lang/crates.io-index"
checksum = "0bfb9eb618601c89945a70e254898da93b13be0388091d42117462b265bb3fad"
dependencies = [
 "hash32 0.3.1",
 "stable_deref_trait",
]

[[package]]
name = "heapless"
version = "0.9.2"
source = "registry+https://github.com/rust-lang/crates.io-index"
checksum = "2af2455f757db2b292a9b1768c4b70186d443bcb3b316252d6b540aec1cd89ed"
dependencies = [
 "hash32 0.3.1",
 "stable_deref_trait",
]

[[package]]
name = "hex"
version = "0.4.3"
source = "registry+https://github.com/rust-lang/crates.io-index"
checksum = "7f24254aa9a54b5c858eaee2f5bccdb46aaf0e486a595ed5fd8f86ba55232a70"

[[package]]
name = "itertools"
version = "0.13.0"
source = "registry+https://github.com/rust-lang/crates.io-index"
checksum = "413ee7dfc52ee1a4949ceeb7dbc8a33f2d6c088194d9f922fb8318faf1f01186"
dependencies = [
 "either",
]

[[package]]
name = "itoa"
version = "1.0.18"
source = "registry+https://github.com/rust-lang/crates.io-index"
checksum = "8f42a60cbdf9a97f5d2305f08a87dc4e09308d1276d28c869c684d7777685682"

[[package]]
name = "libc"
version = "0.2.186"
source = "registry+https://github.com/rust-lang/crates.io-index"
checksum = "68ab91017fe16c622486840e4c83c9a37afeff978bd239b5293d61ece587de66"

[[package]]
name = "libloading"
version = "0.8.9"
source = "registry+https://github.com/rust-lang/crates.io-index"
checksum = "d7c4b02199fee7c5d21a5ae7d8cfa79a6ef5bb2fc834d6e9058e89c825efdc55"
dependencies = [
 "cfg-if",
 "windows-link",
]

[[package]]
name = "litrs"
version = "1.0.0"
source = "registry+https://github.com/rust-lang/crates.io-index"
checksum = "11d3d7f243d5c5a8b9bb5d6dd2b1602c0cb0b9db1621bafc7ed66e35ff9fe092"

[[package]]
name = "lock_api"
version = "0.4.14"
source = "registry+https://github.com/rust-lang/crates.io-index"
checksum = "224399e74b87b5f3557511d98dff8b14089b3dadafcab6bb93eab67d3aace965"
dependencies = [
 "scopeguard",
]

[[package]]
name = "log"
version = "0.4.29"
source = "registry+https://github.com/rust-lang/crates.io-index"
checksum = "5e5032e24019045c762d3c0f28f5b6b8bbf38563a65908389bf7978758920897"

[[package]]
name = "memchr"
version = "2.8.0"
source = "registry+https://github.com/rust-lang/crates.io-index"
checksum = "f8ca58f447f06ed17d5fc4043ce1b10dd205e060fb3ce5b979b8ed8e59ff3f79"

[[package]]
name = "minicbor"
version = "0.19.1"
source = "registry+https://github.com/rust-lang/crates.io-index"
checksum = "d7005aaf257a59ff4de471a9d5538ec868a21586534fff7f85dd97d4043a6139"

[[package]]
name = "minicbor"
version = "0.24.4"
source = "registry+https://github.com/rust-lang/crates.io-index"
checksum = "29be4f60e41fde478b36998b88821946aafac540e53591e76db53921a0cc225b"

[[package]]
name = "minicbor"
version = "0.26.5"
source = "registry+https://github.com/rust-lang/crates.io-index"
checksum = "8a309f581ade7597820083bc275075c4c6986e57e53f8d26f88507cfefc8c987"

[[package]]
name = "minicbor"
version = "1.1.0"
source = "registry+https://github.com/rust-lang/crates.io-index"
checksum = "734daad4ff3b880f23dc2a675dd74553fa8e583367aa7523f96a16e96a516b62"

[[package]]
name = "minicbor"
version = "2.2.1"
source = "registry+https://github.com/rust-lang/crates.io-index"
checksum = "e70eae6d4f18f7d76877fe7b13f0bc21f7c2b7239d2041c338335f7b388d0dd7"
dependencies = [
 "minicbor-derive",
]

[[package]]
name = "minicbor-adapters"
version = "0.0.8"
source = "registry+https://github.com/rust-lang/crates.io-index"
checksum = "d3658ff955d05287ab2d54356081d34ecfbd0c02c3b319f8561d95cb79d43021"
dependencies = [
 "cboritem",
 "embedded-io 0.7.1",
 "heapless 0.9.2",
 "minicbor 2.2.1",
]

[[package]]
name = "minicbor-derive"
version = "0.19.3"
source = "registry+https://github.com/rust-lang/crates.io-index"
checksum = "294f0a0c161c510e9746adf546b8b044fbb0b00677d7dfc9a2452f9fdf63439b"
dependencies = [
 "proc-macro2",
 "quote",
 "syn 2.0.117",
]

[[package]]
name = "minimal-lexical"
version = "0.2.1"
source = "registry+https://github.com/rust-lang/crates.io-index"
checksum = "68354c5c6bd36d73ff3feceb05efa59b6acb7626617f4962be322a825e61f79a"

[[package]]
name = "mutex-trait"
version = "0.2.0"
source = "registry+https://github.com/rust-lang/crates.io-index"
checksum = "b4bb1638d419e12f8b1c43d9e639abd0d1424285bdea2f76aa231e233c63cd3a"

[[package]]
name = "nb"
version = "0.1.3"
source = "registry+https://github.com/rust-lang/crates.io-index"
checksum = "801d31da0513b6ec5214e9bf433a77966320625a37860f910be265be6e18d06f"
dependencies = [
 "nb 1.1.0",
]

[[package]]
name = "nb"
version = "1.1.0"
source = "registry+https://github.com/rust-lang/crates.io-index"
checksum = "8d5439c4ad607c3c23abf66de8c8bf57ba8adcd1f129e699851a6e43935d339d"

[[package]]
name = "no-std-net"
version = "0.5.0"
source = "registry+https://github.com/rust-lang/crates.io-index"
checksum = "1bcece43b12349917e096cddfa66107277f123e6c96a5aea78711dc601a47152"

[[package]]
name = "nom"
version = "7.1.3"
source = "registry+https://github.com/rust-lang/crates.io-index"
checksum = "d273983c5a657a70a3e8f2a01329822f3b8c8172b73826411a55751e404a0a4a"
dependencies = [
 "memchr",
 "minimal-lexical",
]

[[package]]
name = "num-traits"
version = "0.2.19"
source = "registry+https://github.com/rust-lang/crates.io-index"
checksum = "071dfc062690e90b734c0b2273ce72ad0ffa95f0c74596bc250dcfd960262841"
dependencies = [
 "autocfg",
]

[[package]]
name = "pin-project"
version = "1.1.11"
source = "registry+https://github.com/rust-lang/crates.io-index"
checksum = "f1749c7ed4bcaf4c3d0a3efc28538844fb29bcdd7d2b67b2be7e20ba861ff517"
dependencies = [
 "pin-project-internal",
]

[[package]]
name = "pin-project-internal"
version = "1.1.11"
source = "registry+https://github.com/rust-lang/crates.io-index"
checksum = "d9b20ed30f105399776b9c883e68e536ef602a16ae6f596d2c473591d6ad64c6"
dependencies = [
 "proc-macro2",
 "quote",
 "syn 2.0.117",
]

[[package]]
name = "pin-utils"
version = "0.1.0"
source = "registry+https://github.com/rust-lang/crates.io-index"
checksum = "8b870d8c151b6f2fb93e84a13146138f05d02ed11c7e7c54f8826aaaf7c9f184"

[[package]]
name = "portable-atomic"
version = "1.13.1"
source = "registry+https://github.com/rust-lang/crates.io-index"
checksum = "c33a9471896f1c69cecef8d20cbe2f7accd12527ce60845ff44c153bb2a21b49"
dependencies = [
 "critical-section",
]

[[package]]
name = "prettyplease"
version = "0.2.37"
source = "registry+https://github.com/rust-lang/crates.io-index"
checksum = "479ca8adacdd7ce8f1fb39ce9ecccbfe93a3f1344b3d0d97f20bc0196208f62b"
dependencies = [
 "proc-macro2",
 "syn 2.0.117",
]

[[package]]
name = "proc-macro2"
version = "1.0.106"
source = "registry+https://github.com/rust-lang/crates.io-index"
checksum = "8fd00f0bb2e90d81d1044c2b32617f68fcb9fa3bb7640c23e9c748e53fb30934"
dependencies = [
 "unicode-ident",
]

[[package]]
name = "quote"
version = "1.0.45"
source = "registry+https://github.com/rust-lang/crates.io-index"
checksum = "41f2619966050689382d2b44f664f4bc593e129785a36d6ee376ddf37259b924"
dependencies = [
 "proc-macro2",
]

[[package]]
name = "rand_core"
version = "0.6.4"
source = "registry+https://github.com/rust-lang/crates.io-index"
checksum = "ec0be4795e2f6a28069bec0b5ff3e2ac9bafc99e6a9a7dc3547996c5c816922c"

[[package]]
name = "regex"
version = "1.12.3"
source = "registry+https://github.com/rust-lang/crates.io-index"
checksum = "e10754a14b9137dd7b1e3e5b0493cc9171fdd105e0ab477f51b72e7f3ac0e276"
dependencies = [
 "aho-corasick",
 "memchr",
 "regex-automata",
 "regex-syntax",
]

[[package]]
name = "regex-automata"
version = "0.4.14"
source = "registry+https://github.com/rust-lang/crates.io-index"
checksum = "6e1dd4122fc1595e8162618945476892eefca7b88c52820e74af6262213cae8f"
dependencies = [
 "aho-corasick",
 "memchr",
 "regex-syntax",
]

[[package]]
name = "regex-syntax"
version = "0.8.10"
source = "registry+https://github.com/rust-lang/crates.io-index"
checksum = "dc897dd8d9e8bd1ed8cdad82b5966c3e0ecae09fb1907d58efaa013543185d0a"

[[package]]
name = "riot-coap-handler-demos"
version = "0.2.0"
source = "git+https://gitlab.com/etonomy/riot-module-examples/#934940b60df9177d60e9bd9b062546a20d48182d"
dependencies = [
 "coap-handler",
 "coap-handler-implementations 0.6.2",
 "coap-message",
 "coap-message-utils",
 "coap-numbers",
 "document-features",
 "embedded-graphics",
 "embedded-hal 1.0.0",
 "embedded-hal-async",
 "heapless 0.9.2",
 "hex",
 "minicbor 2.2.1",
 "minicbor-adapters",
 "no-std-net",
 "riot-shell-commands",
 "riot-sys",
 "riot-wrappers",
 "switch-hal",
 "try-lock-portable-atomic",
]

[[package]]
name = "riot-shell-commands"
version = "0.1.0"
source = "git+https://gitlab.com/etonomy/riot-module-examples/#934940b60df9177d60e9bd9b062546a20d48182d"
dependencies = [
 "document-features",
 "heapless 0.7.17",
 "riot-sys",
 "riot-wrappers",
]

[[package]]
name = "riot-sys"
version = "0.7.15"
source = "git+https://github.com/RIOT-OS/rust-riot-sys#8cae17e1069177d46c43ae4a058d763678bf1c13"
dependencies = [
 "bindgen",
 "c2rust-asm-casts",
 "c2rust-bitfields",
 "cty",
 "regex",
 "serde",
 "serde_json",
 "shlex",
]

[[package]]
name = "riot-wrappers"
version = "0.9.2"
source = "git+https://github.com/RIOT-OS/rust-riot-wrappers#833f7688461277f0c2f959f3491069f26df3b18d"
dependencies = [
 "bare-metal",
 "coap-handler",
 "coap-message",
 "coap-numbers",
 "critical-section",
 "cstr",
 "embedded-graphics",
 "embedded-hal 0.2.7",
 "embedded-hal 1.0.0",
 "embedded-nal",
 "embedded-nal-tcpextensions",
 "heapless 0.8.0",
 "hex",
 "mutex-trait",
 "nb 0.1.3",
 "no-std-net",
 "num-traits",
 "pin-project",
 "pin-utils",
 "rand_core",
 "riot-sys",
 "switch-hal",
]

[[package]]
name = "rust-gcoap"
version = "0.1.0"
dependencies = [
 "coap-handler-implementations 0.5.4",
 "coap-message-demos",
 "portable-atomic",
 "riot-coap-handler-demos",
 "riot-wrappers",
 "rust_riotmodules",
 "static_cell",
]

[[package]]
name = "rust_riotmodules"
version = "0.1.0"

[[package]]
name = "rustc-hash"
version = "2.1.2"
source = "registry+https://github.com/rust-lang/crates.io-index"
checksum = "94300abf3f1ae2e2b8ffb7b58043de3d399c73fa6f4b73826402a5c457614dbe"

[[package]]
name = "rustc_version"
version = "0.4.1"
source = "registry+https://github.com/rust-lang/crates.io-index"
checksum = "cfcb3a22ef46e85b45de6ee7e79d063319ebb6594faafcf1c225ea92ab6e9b92"
dependencies = [
 "semver",
]

[[package]]
name = "scopeguard"
version = "1.2.0"
source = "registry+https://github.com/rust-lang/crates.io-index"
checksum = "94143f37725109f92c262ed2cf5e59bce7498c01bcc1502d7b9afe439a4e9f49"

[[package]]
name = "semver"
version = "1.0.28"
source = "registry+https://github.com/rust-lang/crates.io-index"
checksum = "8a7852d02fc848982e0c167ef163aaff9cd91dc640ba85e263cb1ce46fae51cd"

[[package]]
name = "serde"
version = "1.0.228"
source = "registry+https://github.com/rust-lang/crates.io-index"
checksum = "9a8e94ea7f378bd32cbbd37198a4a91436180c5bb472411e48b5ec2e2124ae9e"
dependencies = [
 "serde_core",
 "serde_derive",
]

[[package]]
name = "serde_cbor"
version = "0.11.2"
source = "registry+https://github.com/rust-lang/crates.io-index"
checksum = "2bef2ebfde456fb76bbcf9f59315333decc4fda0b2b44b420243c11e0f5ec1f5"
dependencies = [
 "half",
 "serde",
]

[[package]]
name = "serde_core"
version = "1.0.228"
source = "registry+https://github.com/rust-lang/crates.io-index"
checksum = "41d385c7d4ca58e59fc732af25c3983b67ac852c1a25000afe1175de458b67ad"
dependencies = [
 "serde_derive",
]

[[package]]
name = "serde_derive"
version = "1.0.228"
source = "registry+https://github.com/rust-lang/crates.io-index"
checksum = "d540f220d3187173da220f885ab66608367b6574e925011a9353e4badda91d79"
dependencies = [
 "proc-macro2",
 "quote",
 "syn 2.0.117",
]

[[package]]
name = "serde_json"
version = "1.0.149"
source = "registry+https://github.com/rust-lang/crates.io-index"
checksum = "83fc039473c5595ace860d8c4fafa220ff474b3fc6bfdb4293327f1a37e94d86"
dependencies = [
 "itoa",
 "memchr",
 "serde",
 "serde_core",
 "zmij",
]

[[package]]
name = "shlex"
version = "1.3.0"
source = "registry+https://github.com/rust-lang/crates.io-index"
checksum = "0fda2ff0d084019ba4d7c6f371c95d8fd75ce3524c3cb8fb653a3023f6323e64"

[[package]]
name = "spin"
version = "0.9.8"
source = "registry+https://github.com/rust-lang/crates.io-index"
checksum = "6980e8d7511241f8acf4aebddbb1ff938df5eebe98691418c4468d0b72a96a67"
dependencies = [
 "lock_api",
]

[[package]]
name = "stable_deref_trait"
version = "1.2.1"
source = "registry+https://github.com/rust-lang/crates.io-index"
checksum = "6ce2be8dc25455e1f91df71bfa12ad37d7af1092ae736f3a6cd0e37bc7810596"

[[package]]
name = "static_cell"
version = "2.1.1"
source = "registry+https://github.com/rust-lang/crates.io-index"
checksum = "0530892bb4fa575ee0da4b86f86c667132a94b74bb72160f58ee5a4afec74c23"
dependencies = [
 "portable-atomic",
]

[[package]]
name = "switch-hal"
version = "0.4.0"
source = "registry+https://github.com/rust-lang/crates.io-index"
checksum = "90a4adc8cbd1726249b161898e48e0f3f1ce74d34dc784cbbc98fba4ed283fbf"
dependencies = [
 "embedded-hal 0.2.7",
]

[[package]]
name = "syn"
version = "1.0.109"
source = "registry+https://github.com/rust-lang/crates.io-index"
checksum = "72b64191b275b66ffe2469e8af2c1cfe3bafa67b529ead792a6d0160888b4237"
dependencies = [
 "proc-macro2",
 "quote",
 "unicode-ident",
]

[[package]]
name = "syn"
version = "2.0.117"
source = "registry+https://github.com/rust-lang/crates.io-index"
checksum = "e665b8803e7b1d2a727f4023456bbbbe74da67099c585258af0ad9c5013b9b99"
dependencies = [
 "proc-macro2",
 "quote",
 "unicode-ident",
]

[[package]]
name = "tee-embedded-io"
version = "0.1.0"
source = "registry+https://github.com/rust-lang/crates.io-index"
checksum = "c4040e9295b6bc2865a3e0c07c98ab4a2261a6321d5eab16466ccce984f540c3"
dependencies = [
 "embedded-io 0.7.1",
]

[[package]]
name = "try-lock-portable-atomic"
version = "0.2.5-patch0"
source = "registry+https://github.com/rust-lang/crates.io-index"
checksum = "e5fdb48ca18a5a980a9985b41278f5bb13b31a333ff056f616007dee2ebcf981"
dependencies = [
 "portable-atomic",
]

[[package]]
name = "typenum"
version = "1.20.0"
source = "registry+https://github.com/rust-lang/crates.io-index"
checksum = "40ce102ab67701b8526c123c1bab5cbe42d7040ccfd0f64af1a385808d2f43de"

[[package]]
name = "unicode-ident"
version = "1.0.24"
source = "registry+https://github.com/rust-lang/crates.io-index"
checksum = "e6e4313cd5fcd3dad5cafa179702e2b244f760991f45397d14d4ebf38247da75"

[[package]]
name = "version_check"
version = "0.9.5"
source = "registry+https://github.com/rust-lang/crates.io-index"
checksum = "0b928f33d975fc6ad9f86c8f283853ad26bdd5b10b7f1542aa2fa15e2289105a"

[[package]]
name = "void"
version = "1.0.2"
source = "registry+https://github.com/rust-lang/crates.io-index"
checksum = "6a02e4885ed3bc0f2de90ea6dd45ebcbb66dacffe03547fadbb0eeae2770887d"

[[package]]
name = "windowed-infinity"
version = "0.1.9"
source = "registry+https://github.com/rust-lang/crates.io-index"
checksum = "9bdc544d26e98a685954dba0ba0c476e83b2ded8c46e99a8297adf67959a7395"
dependencies = [
 "ciborium-io",
 "crc",
 "digest",
 "embedded-io 0.4.0",
 "minicbor 0.19.1",
 "minicbor 0.24.4",
 "minicbor 0.26.5",
 "minicbor 1.1.0",
 "serde",
 "serde_cbor",
]

[[package]]
name = "windowed-infinity"
version = "0.2.0"
source = "registry+https://github.com/rust-lang/crates.io-index"
checksum = "b6aad0911b4b6516712a138831af937bfef95015f649c9877d8ba84707a72ec4"
dependencies = [
 "embedded-io 0.7.1",
]

[[package]]
name = "windows-link"
version = "0.2.1"
source = "registry+https://github.com/rust-lang/crates.io-index"
checksum = "f0805222e57f7521d6a62e36fa9163bc891acd422f971defe97d64e70d0a4fe5"

[[package]]
name = "zmij"
version = "1.0.21"
source = "registry+https://github.com/rust-lang/crates.io-index"
checksum = "b8848ee67ecc8aedbaf3e4122217aff892639231befc6a1b58d29fff4c2cabaa"

[[patch.unused]]
name = "try-lock"
version = "0.2.5"
source = "git+https://github.com/seanmonstar/try-lock?rev=45c39685b56a4dba1b71bdbbbe5f731c3c77dc50#45c39685b56a4dba1b71bdbbbe5f731c3c77dc50"
